
Microsoft Visual Studio Solution File, Format Version 12.00
# Visual Studio Version 16
VisualStudioVersion = 16.0.30717.126
MinimumVisualStudioVersion = 10.0.40219.1
Project("{8BC9CEB8-8B4A-11D0-8D11-00A0C91BC942}") = "XZdataApi", "XZdataApi\XZdataApi.vcxproj", "{327BED15-2414-4CFA-8C2F-48CF02498282}"
EndProject
Project("{8BC9CEB8-8B4A-11D0-8D11-00A0C91BC942}") = "ULOGTest", "ULOGTest\ULOGTest.vcxproj", "{304939F4-FF71-4315-B4E3-BC4FA258A34C}"
EndProject
Project("{FAE04EC0-301F-11D3-BF4B-00C04F79EFBC}") = "XZDataCS_Test", "XZDataCS_Test\XZDataCS_Test.csproj", "{974B0AF1-68A9-4D43-9E0B-7FA6C6338261}"
EndProject
Global
	GlobalSection(SolutionConfigurationPlatforms) = preSolution
		Debug|Any CPU = Debug|Any CPU
		Debug|Win32 = Debug|Win32
		Debug|x86 = Debug|x86
		Release|Any CPU = Release|Any CPU
		Release|Win32 = Release|Win32
		Release|x86 = Release|x86
	EndGlobalSection
	GlobalSection(ProjectConfigurationPlatforms) = postSolution
		{327BED15-2414-4CFA-8C2F-48CF02498282}.Debug|Any CPU.ActiveCfg = Release|Win32
		{327BED15-2414-4CFA-8C2F-48CF02498282}.Debug|Any CPU.Build.0 = Release|Win32
		{327BED15-2414-4CFA-8C2F-48CF02498282}.Debug|Win32.ActiveCfg = Debug|Win32
		{327BED15-2414-4CFA-8C2F-48CF02498282}.Debug|Win32.Build.0 = Debug|Win32
		{327BED15-2414-4CFA-8C2F-48CF02498282}.Debug|x86.ActiveCfg = Debug|x64
		{327BED15-2414-4CFA-8C2F-48CF02498282}.Debug|x86.Build.0 = Debug|x64
		{327BED15-2414-4CFA-8C2F-48CF02498282}.Release|Any CPU.ActiveCfg = Release|Win32
		{327BED15-2414-4CFA-8C2F-48CF02498282}.Release|Win32.ActiveCfg = Release|Win32
		{327BED15-2414-4CFA-8C2F-48CF02498282}.Release|Win32.Build.0 = Release|Win32
		{327BED15-2414-4CFA-8C2F-48CF02498282}.Release|x86.ActiveCfg = Release|Win32
		{327BED15-2414-4CFA-8C2F-48CF02498282}.Release|x86.Build.0 = Release|Win32
		{304939F4-FF71-4315-B4E3-BC4FA258A34C}.Debug|Any CPU.ActiveCfg = Debug|Win32
		{304939F4-FF71-4315-B4E3-BC4FA258A34C}.Debug|Any CPU.Build.0 = Debug|Win32
		{304939F4-FF71-4315-B4E3-BC4FA258A34C}.Debug|Win32.ActiveCfg = Debug|Win32
		{304939F4-FF71-4315-B4E3-BC4FA258A34C}.Debug|Win32.Build.0 = Debug|Win32
		{304939F4-FF71-4315-B4E3-BC4FA258A34C}.Debug|x86.ActiveCfg = Debug|x64
		{304939F4-FF71-4315-B4E3-BC4FA258A34C}.Debug|x86.Build.0 = Debug|x64
		{304939F4-FF71-4315-B4E3-BC4FA258A34C}.Release|Any CPU.ActiveCfg = Release|Win32
		{304939F4-FF71-4315-B4E3-BC4FA258A34C}.Release|Win32.ActiveCfg = Debug|Win32
		{304939F4-FF71-4315-B4E3-BC4FA258A34C}.Release|Win32.Build.0 = Debug|Win32
		{304939F4-FF71-4315-B4E3-BC4FA258A34C}.Release|x86.ActiveCfg = Release|Win32
		{304939F4-FF71-4315-B4E3-BC4FA258A34C}.Release|x86.Build.0 = Release|Win32
		{974B0AF1-68A9-4D43-9E0B-7FA6C6338261}.Debug|Any CPU.ActiveCfg = Debug|Any CPU
		{974B0AF1-68A9-4D43-9E0B-7FA6C6338261}.Debug|Any CPU.Build.0 = Debug|Any CPU
		{974B0AF1-68A9-4D43-9E0B-7FA6C6338261}.Debug|Win32.ActiveCfg = Debug|Any CPU
		{974B0AF1-68A9-4D43-9E0B-7FA6C6338261}.Debug|Win32.Build.0 = Debug|Any CPU
		{974B0AF1-68A9-4D43-9E0B-7FA6C6338261}.Debug|x86.ActiveCfg = Debug|Any CPU
		{974B0AF1-68A9-4D43-9E0B-7FA6C6338261}.Debug|x86.Build.0 = Debug|Any CPU
		{974B0AF1-68A9-4D43-9E0B-7FA6C6338261}.Release|Any CPU.ActiveCfg = Release|Any CPU
		{974B0AF1-68A9-4D43-9E0B-7FA6C6338261}.Release|Any CPU.Build.0 = Release|Any CPU
		{974B0AF1-68A9-4D43-9E0B-7FA6C6338261}.Release|Win32.ActiveCfg = Debug|Any CPU
		{974B0AF1-68A9-4D43-9E0B-7FA6C6338261}.Release|Win32.Build.0 = Debug|Any CPU
		{974B0AF1-68A9-4D43-9E0B-7FA6C6338261}.Release|x86.ActiveCfg = Release|x86
		{974B0AF1-68A9-4D43-9E0B-7FA6C6338261}.Release|x86.Build.0 = Release|x86
	EndGlobalSection
	GlobalSection(SolutionProperties) = preSolution
		HideSolutionNode = FALSE
	EndGlobalSection
	GlobalSection(ExtensibilityGlobals) = postSolution
		SolutionGuid = {36E0ECFE-ED53-4C93-B5C4-5AD44F4036D9}
	EndGlobalSection
EndGlobal
